// !$*UTF8*$!
{
	archiveVersion = 1;
	classes = {
	};
	objectVersion = 56;
	objects = {

/* Begin PBXBuildFile section */
		732EE4142BF39C8100239239 /* UnlockView.swift in Sources */ = {isa = PBXBuildFile; fileRef = 732EE4132BF39C8100239239 /* UnlockView.swift */; };
		732EE4172BF3A1C400239239 /* Neumorphism.swift in Sources */ = {isa = PBXBuildFile; fileRef = 732EE4162BF3A1C400239239 /* Neumorphism.swift */; };
		732EE41A2BF3A6D000239239 /* Extension + BackgroundView.swift in Sources */ = {isa = PBXBuildFile; fileRef = 732EE4192BF3A6D000239239 /* Extension + BackgroundView.swift */; };
		732EE41C2BF3AC5700239239 /* Extension + Font.swift in Sources */ = {isa = PBXBuildFile; fileRef = 732EE41B2BF3AC5700239239 /* Extension + Font.swift */; };
		732EE41E2BF3B30C00239239 /* Extension + Gradient.swift in Sources */ = {isa = PBXBuildFile; fileRef = 732EE41D2BF3B30C00239239 /* Extension + Gradient.swift */; };
		732EE4202BF4063200239239 /* ClimateView.swift in Sources */ = {isa = PBXBuildFile; fileRef = 732EE41F2BF4063200239239 /* ClimateView.swift */; };
		7349067A2BF8BD13003E3057 /* ChargingView.swift in Sources */ = {isa = PBXBuildFile; fileRef = 734906792BF8BD13003E3057 /* ChargingView.swift */; };
		7349067D2BF8C677003E3057 /* TabBarView.swift in Sources */ = {isa = PBXBuildFile; fileRef = 7349067C2BF8C677003E3057 /* TabBarView.swift */; };
		734906802BF908F1003E3057 /* Extension + Hex.swift in Sources */ = {isa = PBXBuildFile; fileRef = 7349067F2BF908F1003E3057 /* Extension + Hex.swift */; };
		734A25542BF7AE43005186EC /* LogoTeslaView.swift in Sources */ = {isa = PBXBuildFile; fileRef = 734A25532BF7AE43005186EC /* LogoTeslaView.swift */; };
		736B5F402BF4DDAD00727171 /* CircleVisualComponents.swift in Sources */ = {isa = PBXBuildFile; fileRef = 736B5F3F2BF4DDAD00727171 /* CircleVisualComponents.swift */; };
		736B5F452BF5148100727171 /* BottomSheet.swift in Sources */ = {isa = PBXBuildFile; fileRef = 736B5F442BF5148000727171 /* BottomSheet.swift */; };
		73A766E02BF2B0000099377C /* MyTeslaApp.swift in Sources */ = {isa = PBXBuildFile; fileRef = 73A766DF2BF2B0000099377C /* MyTeslaApp.swift */; };
		73A766E22BF2B0000099377C /* ContentView.swift in Sources */ = {isa = PBXBuildFile; fileRef = 73A766E12BF2B0000099377C /* ContentView.swift */; };
		73A766E42BF2B0010099377C /* Assets.xcassets in Resources */ = {isa = PBXBuildFile; fileRef = 73A766E32BF2B0010099377C /* Assets.xcassets */; };
		73A766E72BF2B0010099377C /* Preview Assets.xcassets in Resources */ = {isa = PBXBuildFile; fileRef = 73A766E62BF2B0010099377C /* Preview Assets.xcassets */; };
/* End PBXBuildFile section */

/* Begin PBXFileReference section */
		732EE4132BF39C8100239239 /* UnlockView.swift */ = {isa = PBXFileReference; lastKnownFileType = sourcecode.swift; path = UnlockView.swift; sourceTree = "<group>"; };
		732EE4162BF3A1C400239239 /* Neumorphism.swift */ = {isa = PBXFileReference; lastKnownFileType = sourcecode.swift; path = Neumorphism.swift; sourceTree = "<group>"; };
		732EE4192BF3A6D000239239 /* Extension + BackgroundView.swift */ = {isa = PBXFileReference; lastKnownFileType = sourcecode.swift; path = "Extension + BackgroundView.swift"; sourceTree = "<group>"; };
		732EE41B2BF3AC5700239239 /* Extension + Font.swift */ = {isa = PBXFileReference; lastKnownFileType = sourcecode.swift; path = "Extension + Font.swift"; sourceTree = "<group>"; };
		732EE41D2BF3B30C00239239 /* Extension + Gradient.swift */ = {isa = PBXFileReference; lastKnownFileType = sourcecode.swift; path = "Extension + Gradient.swift"; sourceTree = "<group>"; };
		732EE41F2BF4063200239239 /* ClimateView.swift */ = {isa = PBXFileReference; lastKnownFileType = sourcecode.swift; path = ClimateView.swift; sourceTree = "<group>"; };
		734906792BF8BD13003E3057 /* ChargingView.swift */ = {isa = PBXFileReference; lastKnownFileType = sourcecode.swift; path = ChargingView.swift; sourceTree = "<group>"; };
		7349067C2BF8C677003E3057 /* TabBarView.swift */ = {isa = PBXFileReference; lastKnownFileType = sourcecode.swift; path = TabBarView.swift; sourceTree = "<group>"; };
		7349067F2BF908F1003E3057 /* Extension + Hex.swift */ = {isa = PBXFileReference; lastKnownFileType = sourcecode.swift; path = "Extension + Hex.swift"; sourceTree = "<group>"; };
		734A25532BF7AE43005186EC /* LogoTeslaView.swift */ = {isa = PBXFileReference; lastKnownFileType = sourcecode.swift; path = LogoTeslaView.swift; sourceTree = "<group>"; };
		736B5F3F2BF4DDAD00727171 /* CircleVisualComponents.swift */ = {isa = PBXFileReference; lastKnownFileType = sourcecode.swift; path = CircleVisualComponents.swift; sourceTree = "<group>"; };
		736B5F442BF5148000727171 /* BottomSheet.swift */ = {isa = PBXFileReference; lastKnownFileType = sourcecode.swift; path = BottomSheet.swift; sourceTree = "<group>"; };
		73A766DC2BF2B0000099377C /* MyTesla.app */ = {isa = PBXFileReference; explicitFileType = wrapper.application; includeInIndex = 0; path = MyTesla.app; sourceTree = BUILT_PRODUCTS_DIR; };
		73A766DF2BF2B0000099377C /* MyTeslaApp.swift */ = {isa = PBXFileReference; lastKnownFileType = sourcecode.swift; path = MyTeslaApp.swift; sourceTree = "<group>"; };
		73A766E12BF2B0000099377C /* ContentView.swift */ = {isa = PBXFileReference; lastKnownFileType = sourcecode.swift; path = ContentView.swift; sourceTree = "<group>"; };
		73A766E32BF2B0010099377C /* Assets.xcassets */ = {isa = PBXFileReference; lastKnownFileType = folder.assetcatalog; path = Assets.xcassets; sourceTree = "<group>"; };
		73A766E62BF2B0010099377C /* Preview Assets.xcassets */ = {isa = PBXFileReference; lastKnownFileType = folder.assetcatalog; path = "Preview Assets.xcassets"; sourceTree = "<group>"; };
/* End PBXFileReference section */

/* Begin PBXFrameworksBuildPhase section */
		73A766D92BF2B0000099377C /* Frameworks */ = {
			isa = PBXFrameworksBuildPhase;
			buildActionMask = 2147483647;
			files = (
			);
			runOnlyForDeploymentPostprocessing = 0;
		};
/* End PBXFrameworksBuildPhase section */

/* Begin PBXGroup section */
		732EE4112BF39C3600239239 /* Screen */ = {
			isa = PBXGroup;
			children = (
				7349067E2BF8C67C003E3057 /* TabBarScreen */,
				7349067B2BF8BDA2003E3057 /* ChargingScreen */,
				732EE4212BF4063B00239239 /* ClimateScreen */,
				732EE4122BF39C5A00239239 /* UnlockScreen */,
			);
			path = Screen;
			sourceTree = "<group>";
		};
		732EE4122BF39C5A00239239 /* UnlockScreen */ = {
			isa = PBXGroup;
			children = (
				732EE4132BF39C8100239239 /* UnlockView.swift */,
			);
			path = UnlockScreen;
			sourceTree = "<group>";
		};
		732EE4152BF3A1A000239239 /* Modifier */ = {
			isa = PBXGroup;
			children = (
				732EE4162BF3A1C400239239 /* Neumorphism.swift */,
			);
			path = Modifier;
			sourceTree = "<group>";
		};
		732EE4182BF3A6A100239239 /* Extension */ = {
			isa = PBXGroup;
			children = (
				732EE4192BF3A6D000239239 /* Extension + BackgroundView.swift */,
				732EE41B2BF3AC5700239239 /* Extension + Font.swift */,
				732EE41D2BF3B30C00239239 /* Extension + Gradient.swift */,
				7349067F2BF908F1003E3057 /* Extension + Hex.swift */,
			);
			path = Extension;
			sourceTree = "<group>";
		};
		732EE4212BF4063B00239239 /* ClimateScreen */ = {
			isa = PBXGroup;
			children = (
				732EE41F2BF4063200239239 /* ClimateView.swift */,
			);
			path = ClimateScreen;
			sourceTree = "<group>";
		};
		7349067B2BF8BDA2003E3057 /* ChargingScreen */ = {
			isa = PBXGroup;
			children = (
				734906792BF8BD13003E3057 /* ChargingView.swift */,
			);
			path = ChargingScreen;
			sourceTree = "<group>";
		};
		7349067E2BF8C67C003E3057 /* TabBarScreen */ = {
			isa = PBXGroup;
			children = (
				7349067C2BF8C677003E3057 /* TabBarView.swift */,
			);
			path = TabBarScreen;
			sourceTree = "<group>";
		};
		736B5F412BF4DDB200727171 /* VisulaComponents */ = {
			isa = PBXGroup;
			children = (
				736B5F3F2BF4DDAD00727171 /* CircleVisualComponents.swift */,
				736B5F442BF5148000727171 /* BottomSheet.swift */,
				734A25532BF7AE43005186EC /* LogoTeslaView.swift */,
			);
			path = VisulaComponents;
			sourceTree = "<group>";
		};
		73A766D32BF2B0000099377C = {
			isa = PBXGroup;
			children = (
				736B5F412BF4DDB200727171 /* VisulaComponents */,
				732EE4182BF3A6A100239239 /* Extension */,
				732EE4152BF3A1A000239239 /* Modifier */,
				732EE4112BF39C3600239239 /* Screen */,
				73A766DE2BF2B0000099377C /* MyTesla */,
				73A766DD2BF2B0000099377C /* Products */,
			);
			sourceTree = "<group>";
		};
		73A766DD2BF2B0000099377C /* Products */ = {
			isa = PBXGroup;
			children = (
				73A766DC2BF2B0000099377C /* MyTesla.app */,
			);
			name = Products;
			sourceTree = "<group>";
		};
		73A766DE2BF2B0000099377C /* MyTesla */ = {
			isa = PBXGroup;
			children = (
				73A766DF2BF2B0000099377C /* MyTeslaApp.swift */,
				73A766E12BF2B0000099377C /* ContentView.swift */,
				73A766E32BF2B0010099377C /* Assets.xcassets */,
				73A766E52BF2B0010099377C /* Preview Content */,
			);
			path = MyTesla;
			sourceTree = "<group>";
		};
		73A766E52BF2B0010099377C /* Preview Content */ = {
			isa = PBXGroup;
			children = (
				73A766E62BF2B0010099377C /* Preview Assets.xcassets */,
			);
			path = "Preview Content";
			sourceTree = "<group>";
		};
/* End PBXGroup section */

/* Begin PBXNativeTarget section */
		73A766DB2BF2B0000099377C /* MyTesla */ = {
			isa = PBXNativeTarget;
			buildConfigurationList = 73A766EA2BF2B0010099377C /* Build configuration list for PBXNativeTarget "MyTesla" */;
			buildPhases = (
				73A766D82BF2B0000099377C /* Sources */,
				73A766D92BF2B0000099377C /* Frameworks */,
				73A766DA2BF2B0000099377C /* Resources */,
			);
			buildRules = (
			);
			dependencies = (
			);
			name = MyTesla;
			productName = MyTesla;
			productReference = 73A766DC2BF2B0000099377C /* MyTesla.app */;
			productType = "com.apple.product-type.application";
		};
/* End PBXNativeTarget section */

/* Begin PBXProject section */
		73A766D42BF2B0000099377C /* Project object */ = {
			isa = PBXProject;
			attributes = {
				BuildIndependentTargetsInParallel = 1;
				LastSwiftUpdateCheck = 1530;
				LastUpgradeCheck = 1530;
				TargetAttributes = {
					73A766DB2BF2B0000099377C = {
						CreatedOnToolsVersion = 15.3;
					};
				};
			};
			buildConfigurationList = 73A766D72BF2B0000099377C /* Build configuration list for PBXProject "MyTesla" */;
			compatibilityVersion = "Xcode 14.0";
			developmentRegion = en;
			hasScannedForEncodings = 0;
			knownRegions = (
				en,
				Base,
			);
			mainGroup = 73A766D32BF2B0000099377C;
			productRefGroup = 73A766DD2BF2B0000099377C /* Products */;
			projectDirPath = "";
			projectRoot = "";
			targets = (
				73A766DB2BF2B0000099377C /* MyTesla */,
			);
		};
/* End PBXProject section */

/* Begin PBXResourcesBuildPhase section */
		73A766DA2BF2B0000099377C /* Resources */ = {
			isa = PBXResourcesBuildPhase;
			buildActionMask = 2147483647;
			files = (
				73A766E72BF2B0010099377C /* Preview Assets.xcassets in Resources */,
				73A766E42BF2B0010099377C /* Assets.xcassets in Resources */,
			);
			runOnlyForDeploymentPostprocessing = 0;
		};
/* End PBXResourcesBuildPhase section */

/* Begin PBXSourcesBuildPhase section */
		73A766D82BF2B0000099377C /* Sources */ = {
			isa = PBXSourcesBuildPhase;
			buildActionMask = 2147483647;
			files = (
				73A766E22BF2B0000099377C /* ContentView.swift in Sources */,
				732EE41E2BF3B30C00239239 /* Extension + Gradient.swift in Sources */,
				7349067D2BF8C677003E3057 /* TabBarView.swift in Sources */,
				7349067A2BF8BD13003E3057 /* ChargingView.swift in Sources */,
				736B5F452BF5148100727171 /* BottomSheet.swift in Sources */,
				736B5F402BF4DDAD00727171 /* CircleVisualComponents.swift in Sources */,
				732EE41C2BF3AC5700239239 /* Extension + Font.swift in Sources */,
				734A25542BF7AE43005186EC /* LogoTeslaView.swift in Sources */,
				73A766E02BF2B0000099377C /* MyTeslaApp.swift in Sources */,
				734906802BF908F1003E3057 /* Extension + Hex.swift in Sources */,
				732EE4142BF39C8100239239 /* UnlockView.swift in Sources */,
				732EE4202BF4063200239239 /* ClimateView.swift in Sources */,
				732EE41A2BF3A6D000239239 /* Extension + BackgroundView.swift in Sources */,
				732EE4172BF3A1C400239239 /* Neumorphism.swift in Sources */,
			);
			runOnlyForDeploymentPostprocessing = 0;
		};
/* End PBXSourcesBuildPhase section */

/* Begin XCBuildConfiguration section */
		73A766E82BF2B0010099377C /* Debug */ = {
			isa = XCBuildConfiguration;
			buildSettings = {
				ALWAYS_SEARCH_USER_PATHS = NO;
				ASSETCATALOG_COMPILER_GENERATE_SWIFT_ASSET_SYMBOL_EXTENSIONS = YES;
				CLANG_ANALYZER_NONNULL = YES;
				CLANG_ANALYZER_NUMBER_OBJECT_CONVERSION = YES_AGGRESSIVE;
				CLANG_CXX_LANGUAGE_STANDARD = "gnu++20";
				CLANG_ENABLE_MODULES = YES;
				CLANG_ENABLE_OBJC_ARC = YES;
				CLANG_ENABLE_OBJC_WEAK = YES;
				CLANG_WARN_BLOCK_CAPTURE_AUTORELEASING = YES;
				CLANG_WARN_BOOL_CONVERSION = YES;
				CLANG_WARN_COMMA = YES;
				CLANG_WARN_CONSTANT_CONVERSION = YES;
				CLANG_WARN_DEPRECATED_OBJC_IMPLEMENTATIONS = YES;
				CLANG_WARN_DIRECT_OBJC_ISA_USAGE = YES_ERROR;
				CLANG_WARN_DOCUMENTATION_COMMENTS = YES;
				CLANG_WARN_EMPTY_BODY = YES;
				CLANG_WARN_ENUM_CONVERSION = YES;
				CLANG_WARN_INFINITE_RECURSION = YES;
				CLANG_WARN_INT_CONVERSION = YES;
				CLANG_WARN_NON_LITERAL_NULL_CONVERSION = YES;
				CLANG_WARN_OBJC_IMPLICIT_RETAIN_SELF = YES;
				CLANG_WARN_OBJC_LITERAL_CONVERSION = YES;
				CLANG_WARN_OBJC_ROOT_CLASS = YES_ERROR;
				CLANG_WARN_QUOTED_INCLUDE_IN_FRAMEWORK_HEADER = YES;
				CLANG_WARN_RANGE_LOOP_ANALYSIS = YES;
				CLANG_WARN_STRICT_PROTOTYPES = YES;
				CLANG_WARN_SUSPICIOUS_MOVE = YES;
				CLANG_WARN_UNGUARDED_AVAILABILITY = YES_AGGRESSIVE;
				CLANG_WARN_UNREACHABLE_CODE = YES;
				CLANG_WARN__DUPLICATE_METHOD_MATCH = YES;
				COPY_PHASE_STRIP = NO;
				DEBUG_INFORMATION_FORMAT = dwarf;
				ENABLE_STRICT_OBJC_MSGSEND = YES;
				ENABLE_TESTABILITY = YES;
				ENABLE_USER_SCRIPT_SANDBOXING = YES;
				GCC_C_LANGUAGE_STANDARD = gnu17;
				GCC_DYNAMIC_NO_PIC = NO;
				GCC_NO_COMMON_BLOCKS = YES;
				GCC_OPTIMIZATION_LEVEL = 0;
				GCC_PREPROCESSOR_DEFINITIONS = (
					"DEBUG=1",
					"$(inherited)",
				);
				GCC_WARN_64_TO_32_BIT_CONVERSION = YES;
				GCC_WARN_ABOUT_RETURN_TYPE = YES_ERROR;
				GCC_WARN_UNDECLARED_SELECTOR = YES;
				GCC_WARN_UNINITIALIZED_AUTOS = YES_AGGRESSIVE;
				GCC_WARN_UNUSED_FUNCTION = YES;
				GCC_WARN_UNUSED_VARIABLE = YES;
				IPHONEOS_DEPLOYMENT_TARGET = 17.4;
				LOCALIZATION_PREFERS_STRING_CATALOGS = YES;
				MTL_ENABLE_DEBUG_INFO = INCLUDE_SOURCE;
				MTL_FAST_MATH = YES;
				ONLY_ACTIVE_ARCH = YES;
				SDKROOT = iphoneos;
				SWIFT_ACTIVE_COMPILATION_CONDITIONS = "DEBUG $(inherited)";
				SWIFT_OPTIMIZATION_LEVEL = "-Onone";
			};
			name = Debug;
		};
		73A766E92BF2B0010099377C /* Release */ = {
			isa = XCBuildConfiguration;
			buildSettings = {
				ALWAYS_SEARCH_USER_PATHS = NO;
				ASSETCATALOG_COMPILER_GENERATE_SWIFT_ASSET_SYMBOL_EXTENSIONS = YES;
				CLANG_ANALYZER_NONNULL = YES;
				CLANG_ANALYZER_NUMBER_OBJECT_CONVERSION = YES_AGGRESSIVE;
				CLANG_CXX_LANGUAGE_STANDARD = "gnu++20";
				CLANG_ENABLE_MODULES = YES;
				CLANG_ENABLE_OBJC_ARC = YES;
				CLANG_ENABLE_OBJC_WEAK = YES;
				CLANG_WARN_BLOCK_CAPTURE_AUTORELEASING = YES;
				CLANG_WARN_BOOL_CONVERSION = YES;
				CLANG_WARN_COMMA = YES;
				CLANG_WARN_CONSTANT_CONVERSION = YES;
				CLANG_WARN_DEPRECATED_OBJC_IMPLEMENTATIONS = YES;
				CLANG_WARN_DIRECT_OBJC_ISA_USAGE = YES_ERROR;
				CLANG_WARN_DOCUMENTATION_COMMENTS = YES;
				CLANG_WARN_EMPTY_BODY = YES;
				CLANG_WARN_ENUM_CONVERSION = YES;
				CLANG_WARN_INFINITE_RECURSION = YES;
				CLANG_WARN_INT_CONVERSION = YES;
				CLANG_WARN_NON_LITERAL_NULL_CONVERSION = YES;
				CLANG_WARN_OBJC_IMPLICIT_RETAIN_SELF = YES;
				CLANG_WARN_OBJC_LITERAL_CONVERSION = YES;
				CLANG_WARN_OBJC_ROOT_CLASS = YES_ERROR;
				CLANG_WARN_QUOTED_INCLUDE_IN_FRAMEWORK_HEADER = YES;
				CLANG_WARN_RANGE_LOOP_ANALYSIS = YES;
				CLANG_WARN_STRICT_PROTOTYPES = YES;
				CLANG_WARN_SUSPICIOUS_MOVE = YES;
				CLANG_WARN_UNGUARDED_AVAILABILITY = YES_AGGRESSIVE;
				CLANG_WARN_UNREACHABLE_CODE = YES;
				CLANG_WARN__DUPLICATE_METHOD_MATCH = YES;
				COPY_PHASE_STRIP = NO;
				DEBUG_INFORMATION_FORMAT = "dwarf-with-dsym";
				ENABLE_NS_ASSERTIONS = NO;
				ENABLE_STRICT_OBJC_MSGSEND = YES;
				ENABLE_USER_SCRIPT_SANDBOXING = YES;
				GCC_C_LANGUAGE_STANDARD = gnu17;
				GCC_NO_COMMON_BLOCKS = YES;
				GCC_WARN_64_TO_32_BIT_CONVERSION = YES;
				GCC_WARN_ABOUT_RETURN_TYPE = YES_ERROR;
				GCC_WARN_UNDECLARED_SELECTOR = YES;
				GCC_WARN_UNINITIALIZED_AUTOS = YES_AGGRESSIVE;
				GCC_WARN_UNUSED_FUNCTION = YES;
				GCC_WARN_UNUSED_VARIABLE = YES;
				IPHONEOS_DEPLOYMENT_TARGET = 17.4;
				LOCALIZATION_PREFERS_STRING_CATALOGS = YES;
				MTL_ENABLE_DEBUG_INFO = NO;
				MTL_FAST_MATH = YES;
				SDKROOT = iphoneos;
				SWIFT_COMPILATION_MODE = wholemodule;
				VALIDATE_PRODUCT = YES;
			};
			name = Release;
		};
		73A766EB2BF2B0010099377C /* Debug */ = {
			isa = XCBuildConfiguration;
			buildSettings = {
				ASSETCATALOG_COMPILER_APPICON_NAME = AppIcon;
				ASSETCATALOG_COMPILER_GLOBAL_ACCENT_COLOR_NAME = AccentColor;
				CODE_SIGN_STYLE = Automatic;
				CURRENT_PROJECT_VERSION = 1;
				DEVELOPMENT_ASSET_PATHS = "\"MyTesla/Preview Content\"";
				DEVELOPMENT_TEAM = T79Q8MRX8P;
				ENABLE_PREVIEWS = YES;
				GENERATE_INFOPLIST_FILE = YES;
				INFOPLIST_KEY_UIApplicationSceneManifest_Generation = YES;
				INFOPLIST_KEY_UIApplicationSupportsIndirectInputEvents = YES;
				INFOPLIST_KEY_UILaunchScreen_Generation = YES;
				INFOPLIST_KEY_UISupportedInterfaceOrientations_iPad = "UIInterfaceOrientationPortrait UIInterfaceOrientationPortraitUpsideDown UIInterfaceOrientationLandscapeLeft UIInterfaceOrientationLandscapeRight";
				INFOPLIST_KEY_UISupportedInterfaceOrientations_iPhone = "UIInterfaceOrientationPortrait UIInterfaceOrientationLandscapeLeft UIInterfaceOrientationLandscapeRight";
				LD_RUNPATH_SEARCH_PATHS = (
					"$(inherited)",
					"@executable_path/Frameworks",
				);
				MARKETING_VERSION = 1.0;
				PRODUCT_BUNDLE_IDENTIFIER = AB.MyTesla;
				PRODUCT_NAME = "$(TARGET_NAME)";
				SWIFT_EMIT_LOC_STRINGS = YES;
				SWIFT_VERSION = 5.0;
				TARGETED_DEVICE_FAMILY = "1,2";
			};
			name = Debug;
		};
		73A766EC2BF2B0010099377C /* Release */ = {
			isa = XCBuildConfiguration;
			buildSettings = {
				ASSETCATALOG_COMPILER_APPICON_NAME = AppIcon;
				ASSETCATALOG_COMPILER_GLOBAL_ACCENT_COLOR_NAME = AccentColor;
				CODE_SIGN_STYLE = Automatic;
				CURRENT_PROJECT_VERSION = 1;
				DEVELOPMENT_ASSET_PATHS = "\"MyTesla/Preview Content\"";
				DEVELOPMENT_TEAM = T79Q8MRX8P;
				ENABLE_PREVIEWS = YES;
				GENERATE_INFOPLIST_FILE = YES;
				INFOPLIST_KEY_UIApplicationSceneManifest_Generation = YES;
				INFOPLIST_KEY_UIApplicationSupportsIndirectInputEvents = YES;
				INFOPLIST_KEY_UILaunchScreen_Generation = YES;
				INFOPLIST_KEY_UISupportedInterfaceOrientations_iPad = "UIInterfaceOrientationPortrait UIInterfaceOrientationPortraitUpsideDown UIInterfaceOrientationLandscapeLeft UIInterfaceOrientationLandscapeRight";
				INFOPLIST_KEY_UISupportedInterfaceOrientations_iPhone = "UIInterfaceOrientationPortrait UIInterfaceOrientationLandscapeLeft UIInterfaceOrientationLandscapeRight";
				LD_RUNPATH_SEARCH_PATHS = (
					"$(inherited)",
					"@executable_path/Frameworks",
				);
				MARKETING_VERSION = 1.0;
				PRODUCT_BUNDLE_IDENTIFIER = AB.MyTesla;
				PRODUCT_NAME = "$(TARGET_NAME)";
				SWIFT_EMIT_LOC_STRINGS = YES;
				SWIFT_VERSION = 5.0;
				TARGETED_DEVICE_FAMILY = "1,2";
			};
			name = Release;
		};
/* End XCBuildConfiguration section */

/* Begin XCConfigurationList section */
		73A766D72BF2B0000099377C /* Build configuration list for PBXProject "MyTesla" */ = {
			isa = XCConfigurationList;
			buildConfigurations = (
				73A766E82BF2B0010099377C /* Debug */,
				73A766E92BF2B0010099377C /* Release */,
			);
			defaultConfigurationIsVisible = 0;
			defaultConfigurationName = Release;
		};
		73A766EA2BF2B0010099377C /* Build configuration list for PBXNativeTarget "MyTesla" */ = {
			isa = XCConfigurationList;
			buildConfigurations = (
				73A766EB2BF2B0010099377C /* Debug */,
				73A766EC2BF2B0010099377C /* Release */,
			);
			defaultConfigurationIsVisible = 0;
			defaultConfigurationName = Release;
		};
/* End XCConfigurationList section */
	};
	rootObject = 73A766D42BF2B0000099377C /* Project object */;
}
